// !$*UTF8*$!
{
	archiveVersion = 1;
	classes = {
	};
	objectVersion = 50;
	objects = {

/* Begin PBXBuildFile section */
		093AA11825B7BBDC005A2C3C /* AppDelegate.swift in Sources */ = {isa = PBXBuildFile; fileRef = 093AA11725B7BBDC005A2C3C /* AppDelegate.swift */; };
		093AA11A25B7BBDC005A2C3C /* SceneDelegate.swift in Sources */ = {isa = PBXBuildFile; fileRef = 093AA11925B7BBDC005A2C3C /* SceneDelegate.swift */; };
		093AA11C25B7BBDC005A2C3C /* ViewController.swift in Sources */ = {isa = PBXBuildFile; fileRef = 093AA11B25B7BBDC005A2C3C /* ViewController.swift */; };
		093AA11F25B7BBDC005A2C3C /* Main.storyboard in Resources */ = {isa = PBXBuildFile; fileRef = 093AA11D25B7BBDC005A2C3C /* Main.storyboard */; };
		093AA12125B7BBDD005A2C3C /* Assets.xcassets in Resources */ = {isa = PBXBuildFile; fileRef = 093AA12025B7BBDD005A2C3C /* Assets.xcassets */; };
		093AA12425B7BBDD005A2C3C /* LaunchScreen.storyboard in Resources */ = {isa = PBXBuildFile; fileRef = 093AA12225B7BBDD005A2C3C /* LaunchScreen.storyboard */; };
		093AA12F25B7BBDD005A2C3C /* MyFirstAppTests.swift in Sources */ = {isa = PBXBuildFile; fileRef = 093AA12E25B7BBDD005A2C3C /* MyFirstAppTests.swift */; };
		093AA13A25B7BBDD005A2C3C /* MyFirstAppUITests.swift in Sources */ = {isa = PBXBuildFile; fileRef = 093AA13925B7BBDD005A2C3C /* MyFirstAppUITests.swift */; };
/* End PBXBuildFile section */

/* Begin PBXContainerItemProxy section */
		093AA12B25B7BBDD005A2C3C /* PBXContainerItemProxy */ = {
			isa = PBXContainerItemProxy;
			containerPortal = 093AA10C25B7BBDC005A2C3C /* Project object */;
			proxyType = 1;
			remoteGlobalIDString = 093AA11325B7BBDC005A2C3C;
			remoteInfo = MyFirstApp;
		};
		093AA13625B7BBDD005A2C3C /* PBXContainerItemProxy */ = {
			isa = PBXContainerItemProxy;
			containerPortal = 093AA10C25B7BBDC005A2C3C /* Project object */;
			proxyType = 1;
			remoteGlobalIDString = 093AA11325B7BBDC005A2C3C;
			remoteInfo = MyFirstApp;
		};
/* End PBXContainerItemProxy section */

/* Begin PBXFileReference section */
		093AA11425B7BBDC005A2C3C /* MyFirstApp.app */ = {isa = PBXFileReference; explicitFileType = wrapper.application; includeInIndex = 0; path = MyFirstApp.app; sourceTree = BUILT_PRODUCTS_DIR; };
		093AA11725B7BBDC005A2C3C /* AppDelegate.swift */ = {isa = PBXFileReference; lastKnownFileType = sourcecode.swift; path = AppDelegate.swift; sourceTree = "<group>"; };
		093AA11925B7BBDC005A2C3C /* SceneDelegate.swift */ = {isa = PBXFileReference; lastKnownFileType = sourcecode.swift; path = SceneDelegate.swift; sourceTree = "<group>"; };
		093AA11B25B7BBDC005A2C3C /* ViewController.swift */ = {isa = PBXFileReference; lastKnownFileType = sourcecode.swift; path = ViewController.swift; sourceTree = "<group>"; };
		093AA11E25B7BBDC005A2C3C /* Base */ = {isa = PBXFileReference; lastKnownFileType = file.storyboard; name = Base; path = Base.lproj/Main.storyboard; sourceTree = "<group>"; };
		093AA12025B7BBDD005A2C3C /* Assets.xcassets */ = {isa = PBXFileReference; lastKnownFileType = folder.assetcatalog; path = Assets.xcassets; sourceTree = "<group>"; };
		093AA12325B7BBDD005A2C3C /* Base */ = {isa = PBXFileReference; lastKnownFileType = file.storyboard; name = Base; path = Base.lproj/LaunchScreen.storyboard; sourceTree = "<group>"; };
		093AA12525B7BBDD005A2C3C /* Info.plist */ = {isa = PBXFileReference; lastKnownFileType = text.plist.xml; path = Info.plist; sourceTree = "<group>"; };
		093AA12A25B7BBDD005A2C3C /* MyFirstAppTests.xctest */ = {isa = PBXFileReference; explicitFileType = wrapper.cfbundle; includeInIndex = 0; path = MyFirstAppTests.xctest; sourceTree = BUILT_PRODUCTS_DIR; };
		093AA12E25B7BBDD005A2C3C /* MyFirstAppTests.swift */ = {isa = PBXFileReference; lastKnownFileType = sourcecode.swift; path = MyFirstAppTests.swift; sourceTree = "<group>"; };
		093AA13025B7BBDD005A2C3C /* Info.plist */ = {isa = PBXFileReference; lastKnownFileType = text.plist.xml; path = Info.plist; sourceTree = "<group>"; };
		093AA13525B7BBDD005A2C3C /* MyFirstAppUITests.xctest */ = {isa = PBXFileReference; explicitFileType = wrapper.cfbundle; includeInIndex = 0; path = MyFirstAppUITests.xctest; sourceTree = BUILT_PRODUCTS_DIR; };
		093AA13925B7BBDD005A2C3C /* MyFirstAppUITests.swift */ = {isa = PBXFileReference; lastKnownFileType = sourcecode.swift; path = MyFirstAppUITests.swift; sourceTree = "<group>"; };
		093AA13B25B7BBDD005A2C3C /* Info.plist */ = {isa = PBXFileReference; lastKnownFileType = text.plist.xml; path = Info.plist; sourceTree = "<group>"; };
/* End PBXFileReference section */

/* Begin PBXFrameworksBuildPhase section */
		093AA11125B7BBDC005A2C3C /* Frameworks */ = {
			isa = PBXFrameworksBuildPhase;
			buildActionMask = 2147483647;
			files = (
			);
			runOnlyForDeploymentPostprocessing = 0;
		};
		093AA12725B7BBDD005A2C3C /* Frameworks */ = {
			isa = PBXFrameworksBuildPhase;
			buildActionMask = 2147483647;
			files = (
			);
			runOnlyForDeploymentPostprocessing = 0;
		};
		093AA13225B7BBDD005A2C3C /* Frameworks */ = {
			isa = PBXFrameworksBuildPhase;
			buildActionMask = 2147483647;
			files = (
			);
			runOnlyForDeploymentPostprocessing = 0;
		};
/* End PBXFrameworksBuildPhase section */

/* Begin PBXGroup section */
		093AA10B25B7BBDC005A2C3C = {
			isa = PBXGroup;
			children = (
				093AA11625B7BBDC005A2C3C /* MyFirstApp */,
				093AA12D25B7BBDD005A2C3C /* MyFirstAppTests */,
				093AA13825B7BBDD005A2C3C /* MyFirstAppUITests */,
				093AA11525B7BBDC005A2C3C /* Products */,
			);
			sourceTree = "<group>";
		};
		093AA11525B7BBDC005A2C3C /* Products */ = {
			isa = PBXGroup;
			children = (
				093AA11425B7BBDC005A2C3C /* MyFirstApp.app */,
				093AA12A25B7BBDD005A2C3C /* MyFirstAppTests.xctest */,
				093AA13525B7BBDD005A2C3C /* MyFirstAppUITests.xctest */,
			);
			name = Products;
			sourceTree = "<group>";
		};
		093AA11625B7BBDC005A2C3C /* MyFirstApp */ = {
			isa = PBXGroup;
			children = (
				093AA11725B7BBDC005A2C3C /* AppDelegate.swift */,
				093AA11925B7BBDC005A2C3C /* SceneDelegate.swift */,
				093AA11B25B7BBDC005A2C3C /* ViewController.swift */,
				093AA11D25B7BBDC005A2C3C /* Main.storyboard */,
				093AA12025B7BBDD005A2C3C /* Assets.xcassets */,
				093AA12225B7BBDD005A2C3C /* LaunchScreen.storyboard */,
				093AA12525B7BBDD005A2C3C /* Info.plist */,
			);
			path = MyFirstApp;
			sourceTree = "<group>";
		};
		093AA12D25B7BBDD005A2C3C /* MyFirstAppTests */ = {
			isa = PBXGroup;
			children = (
				093AA12E25B7BBDD005A2C3C /* MyFirstAppTests.swift */,
				093AA13025B7BBDD005A2C3C /* Info.plist */,
			);
			path = MyFirstAppTests;
			sourceTree = "<group>";
		};
		093AA13825B7BBDD005A2C3C /* MyFirstAppUITests */ = {
			isa = PBXGroup;
			children = (
				093AA13925B7BBDD005A2C3C /* MyFirstAppUITests.swift */,
				093AA13B25B7BBDD005A2C3C /* Info.plist */,
			);
			path = MyFirstAppUITests;
			sourceTree = "<group>";
		};
/* End PBXGroup section */

/* Begin PBXNativeTarget section */
		093AA11325B7BBDC005A2C3C /* MyFirstApp */ = {
			isa = PBXNativeTarget;
			buildConfigurationList = 093AA13E25B7BBDD005A2C3C /* Build configuration list for PBXNativeTarget "MyFirstApp" */;
			buildPhases = (
				093AA11025B7BBDC005A2C3C /* Sources */,
				093AA11125B7BBDC005A2C3C /* Frameworks */,
				093AA11225B7BBDC005A2C3C /* Resources */,
			);
			buildRules = (
			);
			dependencies = (
			);
			name = MyFirstApp;
			productName = MyFirstApp;
			productReference = 093AA11425B7BBDC005A2C3C /* MyFirstApp.app */;
			productType = "com.apple.product-type.application";
		};
		093AA12925B7BBDD005A2C3C /* MyFirstAppTests */ = {
			isa = PBXNativeTarget;
			buildConfigurationList = 093AA14125B7BBDD005A2C3C /* Build configuration list for PBXNativeTarget "MyFirstAppTests" */;
			buildPhases = (
				093AA12625B7BBDD005A2C3C /* Sources */,
				093AA12725B7BBDD005A2C3C /* Frameworks */,
				093AA12825B7BBDD005A2C3C /* Resources */,
			);
			buildRules = (
			);
			dependencies = (
				093AA12C25B7BBDD005A2C3C /* PBXTargetDependency */,
			);
			name = MyFirstAppTests;
			productName = MyFirstAppTests;
			productReference = 093AA12A25B7BBDD005A2C3C /* MyFirstAppTests.xctest */;
			productType = "com.apple.product-type.bundle.unit-test";
		};
		093AA13425B7BBDD005A2C3C /* MyFirstAppUITests */ = {
			isa = PBXNativeTarget;
			buildConfigurationList = 093AA14425B7BBDD005A2C3C /* Build configuration list for PBXNativeTarget "MyFirstAppUITests" */;
			buildPhases = (
				093AA13125B7BBDD005A2C3C /* Sources */,
				093AA13225B7BBDD005A2C3C /* Frameworks */,
				093AA13325B7BBDD005A2C3C /* Resources */,
			);
			buildRules = (
			);
			dependencies = (
				093AA13725B7BBDD005A2C3C /* PBXTargetDependency */,
			);
			name = MyFirstAppUITests;
			productName = MyFirstAppUITests;
			productReference = 093AA13525B7BBDD005A2C3C /* MyFirstAppUITests.xctest */;
			productType = "com.apple.product-type.bundle.ui-testing";
		};
/* End PBXNativeTarget section */

/* Begin PBXProject section */
		093AA10C25B7BBDC005A2C3C /* Project object */ = {
			isa = PBXProject;
			attributes = {
				LastSwiftUpdateCheck = 1230;
				LastUpgradeCheck = 1230;
				TargetAttributes = {
					093AA11325B7BBDC005A2C3C = {
						CreatedOnToolsVersion = 12.3;
					};
					093AA12925B7BBDD005A2C3C = {
						CreatedOnToolsVersion = 12.3;
						TestTargetID = 093AA11325B7BBDC005A2C3C;
					};
					093AA13425B7BBDD005A2C3C = {
						CreatedOnToolsVersion = 12.3;
						TestTargetID = 093AA11325B7BBDC005A2C3C;
					};
				};
			};
			buildConfigurationList = 093AA10F25B7BBDC005A2C3C /* Build configuration list for PBXProject "MyFirstApp" */;
			compatibilityVersion = "Xcode 9.3";
			developmentRegion = en;
			hasScannedForEncodings = 0;
			knownRegions = (
				en,
				Base,
			);
			mainGroup = 093AA10B25B7BBDC005A2C3C;
			productRefGroup = 093AA11525B7BBDC005A2C3C /* Products */;
			projectDirPath = "";
			projectRoot = "";
			targets = (
				093AA11325B7BBDC005A2C3C /* MyFirstApp */,
				093AA12925B7BBDD005A2C3C /* MyFirstAppTests */,
				093AA13425B7BBDD005A2C3C /* MyFirstAppUITests */,
			);
		};
/* End PBXProject section */

/* Begin PBXResourcesBuildPhase section */
		093AA11225B7BBDC005A2C3C /* Resources */ = {
			isa = PBXResourcesBuildPhase;
			buildActionMask = 2147483647;
			files = (
				093AA12425B7BBDD005A2C3C /* LaunchScreen.storyboard in Resources */,
				093AA12125B7BBDD005A2C3C /* Assets.xcassets in Resources */,
				093AA11F25B7BBDC005A2C3C /* Main.storyboard in Resources */,
			);
			runOnlyForDeploymentPostprocessing = 0;
		};
		093AA12825B7BBDD005A2C3C /* Resources */ = {
			isa = PBXResourcesBuildPhase;
			buildActionMask = 2147483647;
			files = (
			);
			runOnlyForDeploymentPostprocessing = 0;
		};
		093AA13325B7BBDD005A2C3C /* Resources */ = {
			isa = PBXResourcesBuildPhase;
			buildActionMask = 2147483647;
			files = (
			);
			runOnlyForDeploymentPostprocessing = 0;
		};
/* End PBXResourcesBuildPhase section */

/* Begin PBXSourcesBuildPhase section */
		093AA11025B7BBDC005A2C3C /* Sources */ = {
			isa = PBXSourcesBuildPhase;
			buildActionMask = 2147483647;
			files = (
				093AA11C25B7BBDC005A2C3C /* ViewController.swift in Sources */,
				093AA11825B7BBDC005A2C3C /* AppDelegate.swift in Sources */,
				093AA11A25B7BBDC005A2C3C /* SceneDelegate.swift in Sources */,
			);
			runOnlyForDeploymentPostprocessing = 0;
		};
		093AA12625B7BBDD005A2C3C /* Sources */ = {
			isa = PBXSourcesBuildPhase;
			buildActionMask = 2147483647;
			files = (
				093AA12F25B7BBDD005A2C3C /* MyFirstAppTests.swift in Sources */,
			);
			runOnlyForDeploymentPostprocessing = 0;
		};
		093AA13125B7BBDD005A2C3C /* Sources */ = {
			isa = PBXSourcesBuildPhase;
			buildActionMask = 2147483647;
			files = (
				093AA13A25B7BBDD005A2C3C /* MyFirstAppUITests.swift in Sources */,
			);
			runOnlyForDeploymentPostprocessing = 0;
		};
/* End PBXSourcesBuildPhase section */

/* Begin PBXTargetDependency section */
		093AA12C25B7BBDD005A2C3C /* PBXTargetDependency */ = {
			isa = PBXTargetDependency;
			target = 093AA11325B7BBDC005A2C3C /* MyFirstApp */;
			targetProxy = 093AA12B25B7BBDD005A2C3C /* PBXContainerItemProxy */;
		};
		093AA13725B7BBDD005A2C3C /* PBXTargetDependency */ = {
			isa = PBXTargetDependency;
			target = 093AA11325B7BBDC005A2C3C /* MyFirstApp */;
			targetProxy = 093AA13625B7BBDD005A2C3C /* PBXContainerItemProxy */;
		};
/* End PBXTargetDependency section */

/* Begin PBXVariantGroup section */
		093AA11D25B7BBDC005A2C3C /* Main.storyboard */ = {
			isa = PBXVariantGroup;
			children = (
				093AA11E25B7BBDC005A2C3C /* Base */,
			);
			name = Main.storyboard;
			sourceTree = "<group>";
		};
		093AA12225B7BBDD005A2C3C /* LaunchScreen.storyboard */ = {
			isa = PBXVariantGroup;
			children = (
				093AA12325B7BBDD005A2C3C /* Base */,
			);
			name = LaunchScreen.storyboard;
			sourceTree = "<group>";
		};
/* End PBXVariantGroup section */

/* Begin XCBuildConfiguration section */
		093AA13C25B7BBDD005A2C3C /* Debug */ = {
			isa = XCBuildConfiguration;
			buildSettings = {
				ALWAYS_SEARCH_USER_PATHS = NO;
				CLANG_ANALYZER_NONNULL = YES;
				CLANG_ANALYZER_NUMBER_OBJECT_CONVERSION = YES_AGGRESSIVE;
				CLANG_CXX_LANGUAGE_STANDARD = "gnu++14";
				CLANG_CXX_LIBRARY = "libc++";
				CLANG_ENABLE_MODULES = YES;
				CLANG_ENABLE_OBJC_ARC = YES;
				CLANG_ENABLE_OBJC_WEAK = YES;
				CLANG_WARN_BLOCK_CAPTURE_AUTORELEASING = YES;
				CLANG_WARN_BOOL_CONVERSION = YES;
				CLANG_WARN_COMMA = YES;
				CLANG_WARN_CONSTANT_CONVERSION = YES;
				CLANG_WARN_DEPRECATED_OBJC_IMPLEMENTATIONS = YES;
				CLANG_WARN_DIRECT_OBJC_ISA_USAGE = YES_ERROR;
				CLANG_WARN_DOCUMENTATION_COMMENTS = YES;
				CLANG_WARN_EMPTY_BODY = YES;
				CLANG_WARN_ENUM_CONVERSION = YES;
				CLANG_WARN_INFINITE_RECURSION = YES;
				CLANG_WARN_INT_CONVERSION = YES;
				CLANG_WARN_NON_LITERAL_NULL_CONVERSION = YES;
				CLANG_WARN_OBJC_IMPLICIT_RETAIN_SELF = YES;
				CLANG_WARN_OBJC_LITERAL_CONVERSION = YES;
				CLANG_WARN_OBJC_ROOT_CLASS = YES_ERROR;
				CLANG_WARN_QUOTED_INCLUDE_IN_FRAMEWORK_HEADER = YES;
				CLANG_WARN_RANGE_LOOP_ANALYSIS = YES;
				CLANG_WARN_STRICT_PROTOTYPES = YES;
				CLANG_WARN_SUSPICIOUS_MOVE = YES;
				CLANG_WARN_UNGUARDED_AVAILABILITY = YES_AGGRESSIVE;
				CLANG_WARN_UNREACHABLE_CODE = YES;
				CLANG_WARN__DUPLICATE_METHOD_MATCH = YES;
				COPY_PHASE_STRIP = NO;
				DEBUG_INFORMATION_FORMAT = dwarf;
				ENABLE_STRICT_OBJC_MSGSEND = YES;
				ENABLE_TESTABILITY = YES;
				GCC_C_LANGUAGE_STANDARD = gnu11;
				GCC_DYNAMIC_NO_PIC = NO;
				GCC_NO_COMMON_BLOCKS = YES;
				GCC_OPTIMIZATION_LEVEL = 0;
				GCC_PREPROCESSOR_DEFINITIONS = (
					"DEBUG=1",
					"$(inherited)",
				);
				GCC_WARN_64_TO_32_BIT_CONVERSION = YES;
				GCC_WARN_ABOUT_RETURN_TYPE = YES_ERROR;
				GCC_WARN_UNDECLARED_SELECTOR = YES;
				GCC_WARN_UNINITIALIZED_AUTOS = YES_AGGRESSIVE;
				GCC_WARN_UNUSED_FUNCTION = YES;
				GCC_WARN_UNUSED_VARIABLE = YES;
				IPHONEOS_DEPLOYMENT_TARGET = 14.3;
				MTL_ENABLE_DEBUG_INFO = INCLUDE_SOURCE;
				MTL_FAST_MATH = YES;
				ONLY_ACTIVE_ARCH = YES;
				SDKROOT = iphoneos;
				SWIFT_ACTIVE_COMPILATION_CONDITIONS = DEBUG;
				SWIFT_OPTIMIZATION_LEVEL = "-Onone";
			};
			name = Debug;
		};
		093AA13D25B7BBDD005A2C3C /* Release */ = {
			isa = XCBuildConfiguration;
			buildSettings = {
				ALWAYS_SEARCH_USER_PATHS = NO;
				CLANG_ANALYZER_NONNULL = YES;
				CLANG_ANALYZER_NUMBER_OBJECT_CONVERSION = YES_AGGRESSIVE;
				CLANG_CXX_LANGUAGE_STANDARD = "gnu++14";
				CLANG_CXX_LIBRARY = "libc++";
				CLANG_ENABLE_MODULES = YES;
				CLANG_ENABLE_OBJC_ARC = YES;
				CLANG_ENABLE_OBJC_WEAK = YES;
				CLANG_WARN_BLOCK_CAPTURE_AUTORELEASING = YES;
				CLANG_WARN_BOOL_CONVERSION = YES;
				CLANG_WARN_COMMA = YES;
				CLANG_WARN_CONSTANT_CONVERSION = YES;
				CLANG_WARN_DEPRECATED_OBJC_IMPLEMENTATIONS = YES;
				CLANG_WARN_DIRECT_OBJC_ISA_USAGE = YES_ERROR;
				CLANG_WARN_DOCUMENTATION_COMMENTS = YES;
				CLANG_WARN_EMPTY_BODY = YES;
				CLANG_WARN_ENUM_CONVERSION = YES;
				CLANG_WARN_INFINITE_RECURSION = YES;
				CLANG_WARN_INT_CONVERSION = YES;
				CLANG_WARN_NON_LITERAL_NULL_CONVERSION = YES;
				CLANG_WARN_OBJC_IMPLICIT_RETAIN_SELF = YES;
				CLANG_WARN_OBJC_LITERAL_CONVERSION = YES;
				CLANG_WARN_OBJC_ROOT_CLASS = YES_ERROR;
				CLANG_WARN_QUOTED_INCLUDE_IN_FRAMEWORK_HEADER = YES;
				CLANG_WARN_RANGE_LOOP_ANALYSIS = YES;
				CLANG_WARN_STRICT_PROTOTYPES = YES;
				CLANG_WARN_SUSPICIOUS_MOVE = YES;
				CLANG_WARN_UNGUARDED_AVAILABILITY = YES_AGGRESSIVE;
				CLANG_WARN_UNREACHABLE_CODE = YES;
				CLANG_WARN__DUPLICATE_METHOD_MATCH = YES;
				COPY_PHASE_STRIP = NO;
				DEBUG_INFORMATION_FORMAT = "dwarf-with-dsym";
				ENABLE_NS_ASSERTIONS = NO;
				ENABLE_STRICT_OBJC_MSGSEND = YES;
				GCC_C_LANGUAGE_STANDARD = gnu11;
				GCC_NO_COMMON_BLOCKS = YES;
				GCC_WARN_64_TO_32_BIT_CONVERSION = YES;
				GCC_WARN_ABOUT_RETURN_TYPE = YES_ERROR;
				GCC_WARN_UNDECLARED_SELECTOR = YES;
				GCC_WARN_UNINITIALIZED_AUTOS = YES_AGGRESSIVE;
				GCC_WARN_UNUSED_FUNCTION = YES;
				GCC_WARN_UNUSED_VARIABLE = YES;
				IPHONEOS_DEPLOYMENT_TARGET = 14.3;
				MTL_ENABLE_DEBUG_INFO = NO;
				MTL_FAST_MATH = YES;
				SDKROOT = iphoneos;
				SWIFT_COMPILATION_MODE = wholemodule;
				SWIFT_OPTIMIZATION_LEVEL = "-O";
				VALIDATE_PRODUCT = YES;
			};
			name = Release;
		};
		093AA13F25B7BBDD005A2C3C /* Debug */ = {
			isa = XCBuildConfiguration;
			buildSettings = {
				ASSETCATALOG_COMPILER_APPICON_NAME = AppIcon;
				ASSETCATALOG_COMPILER_GLOBAL_ACCENT_COLOR_NAME = AccentColor;
				CODE_SIGN_STYLE = Automatic;
				INFOPLIST_FILE = MyFirstApp/Info.plist;
				LD_RUNPATH_SEARCH_PATHS = (
					"$(inherited)",
					"@executable_path/Frameworks",
				);
				PRODUCT_BUNDLE_IDENTIFIER = Andrew.MyFirstApp;
				PRODUCT_NAME = "$(TARGET_NAME)";
				SWIFT_VERSION = 5.0;
				TARGETED_DEVICE_FAMILY = "1,2";
			};
			name = Debug;
		};
		093AA14025B7BBDD005A2C3C /* Release */ = {
			isa = XCBuildConfiguration;
			buildSettings = {
				ASSETCATALOG_COMPILER_APPICON_NAME = AppIcon;
				ASSETCATALOG_COMPILER_GLOBAL_ACCENT_COLOR_NAME = AccentColor;
				CODE_SIGN_STYLE = Automatic;
				INFOPLIST_FILE = MyFirstApp/Info.plist;
				LD_RUNPATH_SEARCH_PATHS = (
					"$(inherited)",
					"@executable_path/Frameworks",
				);
				PRODUCT_BUNDLE_IDENTIFIER = Andrew.MyFirstApp;
				PRODUCT_NAME = "$(TARGET_NAME)";
				SWIFT_VERSION = 5.0;
				TARGETED_DEVICE_FAMILY = "1,2";
			};
			name = Release;
		};
		093AA14225B7BBDD005A2C3C /* Debug */ = {
			isa = XCBuildConfiguration;
			buildSettings = {
				ALWAYS_EMBED_SWIFT_STANDARD_LIBRARIES = YES;
				BUNDLE_LOADER = "$(TEST_HOST)";
				CODE_SIGN_STYLE = Automatic;
				INFOPLIST_FILE = MyFirstAppTests/Info.plist;
				IPHONEOS_DEPLOYMENT_TARGET = 14.3;
				LD_RUNPATH_SEARCH_PATHS = (
					"$(inherited)",
					"@executable_path/Frameworks",
					"@loader_path/Frameworks",
				);
				PRODUCT_BUNDLE_IDENTIFIER = Andrew.MyFirstAppTests;
				PRODUCT_NAME = "$(TARGET_NAME)";
				SWIFT_VERSION = 5.0;
				TARGETED_DEVICE_FAMILY = "1,2";
				TEST_HOST = "$(BUILT_PRODUCTS_DIR)/MyFirstApp.app/MyFirstApp";
			};
			name = Debug;
		};
		093AA14325B7BBDD005A2C3C /* Release */ = {
			isa = XCBuildConfiguration;
			buildSettings = {
				ALWAYS_EMBED_SWIFT_STANDARD_LIBRARIES = YES;
				BUNDLE_LOADER = "$(TEST_HOST)";
				CODE_SIGN_STYLE = Automatic;
				INFOPLIST_FILE = MyFirstAppTests/Info.plist;
				IPHONEOS_DEPLOYMENT_TARGET = 14.3;
				LD_RUNPATH_SEARCH_PATHS = (
					"$(inherited)",
					"@executable_path/Frameworks",
					"@loader_path/Frameworks",
				);
				PRODUCT_BUNDLE_IDENTIFIER = Andrew.MyFirstAppTests;
				PRODUCT_NAME = "$(TARGET_NAME)";
				SWIFT_VERSION = 5.0;
				TARGETED_DEVICE_FAMILY = "1,2";
				TEST_HOST = "$(BUILT_PRODUCTS_DIR)/MyFirstApp.app/MyFirstApp";
			};
			name = Release;
		};
		093AA14525B7BBDD005A2C3C /* Debug */ = {
			isa = XCBuildConfiguration;
			buildSettings = {
				ALWAYS_EMBED_SWIFT_STANDARD_LIBRARIES = YES;
				CODE_SIGN_STYLE = Automatic;
				INFOPLIST_FILE = MyFirstAppUITests/Info.plist;
				LD_RUNPATH_SEARCH_PATHS = (
					"$(inherited)",
					"@executable_path/Frameworks",
					"@loader_path/Frameworks",
				);
				PRODUCT_BUNDLE_IDENTIFIER = Andrew.MyFirstAppUITests;
				PRODUCT_NAME = "$(TARGET_NAME)";
				SWIFT_VERSION = 5.0;
				TARGETED_DEVICE_FAMILY = "1,2";
				TEST_TARGET_NAME = MyFirstApp;
			};
			name = Debug;
		};
		093AA14625B7BBDD005A2C3C /* Release */ = {
			isa = XCBuildConfiguration;
			buildSettings = {
				ALWAYS_EMBED_SWIFT_STANDARD_LIBRARIES = YES;
				CODE_SIGN_STYLE = Automatic;
				INFOPLIST_FILE = MyFirstAppUITests/Info.plist;
				LD_RUNPATH_SEARCH_PATHS = (
					"$(inherited)",
					"@executable_path/Frameworks",
					"@loader_path/Frameworks",
				);
				PRODUCT_BUNDLE_IDENTIFIER = Andrew.MyFirstAppUITests;
				PRODUCT_NAME = "$(TARGET_NAME)";
				SWIFT_VERSION = 5.0;
				TARGETED_DEVICE_FAMILY = "1,2";
				TEST_TARGET_NAME = MyFirstApp;
			};
			name = Release;
		};
/* End XCBuildConfiguration section */

/* Begin XCConfigurationList section */
		093AA10F25B7BBDC005A2C3C /* Build configuration list for PBXProject "MyFirstApp" */ = {
			isa = XCConfigurationList;
			buildConfigurations = (
				093AA13C25B7BBDD005A2C3C /* Debug */,
				093AA13D25B7BBDD005A2C3C /* Release */,
			);
			defaultConfigurationIsVisible = 0;
			defaultConfigurationName = Release;
		};
		093AA13E25B7BBDD005A2C3C /* Build configuration list for PBXNativeTarget "MyFirstApp" */ = {
			isa = XCConfigurationList;
			buildConfigurations = (
				093AA13F25B7BBDD005A2C3C /* Debug */,
				093AA14025B7BBDD005A2C3C /* Release */,
			);
			defaultConfigurationIsVisible = 0;
			defaultConfigurationName = Release;
		};
		093AA14125B7BBDD005A2C3C /* Build configuration list for PBXNativeTarget "MyFirstAppTests" */ = {
			isa = XCConfigurationList;
			buildConfigurations = (
				093AA14225B7BBDD005A2C3C /* Debug */,
				093AA14325B7BBDD005A2C3C /* Release */,
			);
			defaultConfigurationIsVisible = 0;
			defaultConfigurationName = Release;
		};
		093AA14425B7BBDD005A2C3C /* Build configuration list for PBXNativeTarget "MyFirstAppUITests" */ = {
			isa = XCConfigurationList;
			buildConfigurations = (
				093AA14525B7BBDD005A2C3C /* Debug */,
				093AA14625B7BBDD005A2C3C /* Release */,
			);
			defaultConfigurationIsVisible = 0;
			defaultConfigurationName = Release;
		};
/* End XCConfigurationList section */
	};
	rootObject = 093AA10C25B7BBDC005A2C3C /* Project object */;
}
